
Microsoft Visual Studio Solution File, Format Version 12.00
# Visual Studio Version 16
VisualStudioVersion = 16.0.29905.134
MinimumVisualStudioVersion = 10.0.40219.1
Project("{FAE04EC0-301F-11D3-BF4B-00C04F79EFBC}") = "FastDemo", "FastDemo\FastDemo.csproj", "{302F728A-B33B-4A54-B9D7-D8436648EB75}"
EndProject
Global
	GlobalSection(SolutionConfigurationPlatforms) = preSolution
		Debug|Any CPU = Debug|Any CPU
		Release|Any CPU = Release|Any CPU
	EndGlobalSection
	GlobalSection(ProjectConfigurationPlatforms) = postSolution
		{302F728A-B33B-4A54-B9D7-D8436648EB75}.Debug|Any CPU.ActiveCfg = Debug|Any CPU
		{302F728A-B33B-4A54-B9D7-D8436648EB75}.Debug|Any CPU.Build.0 = Debug|Any CPU
		{302F728A-B33B-4A54-B9D7-D8436648EB75}.Release|Any CPU.ActiveCfg = Release|Any CPU
		{302F728A-B33B-4A54-B9D7-D8436648EB75}.Release|Any CPU.Build.0 = Release|Any CPU
	EndGlobalSection
	GlobalSection(SolutionProperties) = preSolution
		HideSolutionNode = FALSE
	EndGlobalSection
	GlobalSection(ExtensibilityGlobals) = postSolution
		SolutionGuid = {F6A2E721-BB56-4820-BB53-5D0B2BF5DBEA}
	EndGlobalSection
EndGlobal
